
Microsoft Visual Studio Solution File, Format Version 12.00
Project("{FAE04EC0-301F-11D3-BF4B-00C04F79EFBC}") = "Enchiridion.Api", "Enchiridion.Api\Enchiridion.Api.csproj", "{E0508EC6-D90A-4D9F-AB9B-CF3295C5CF18}"
EndProject
Project("{FAE04EC0-301F-11D3-BF4B-00C04F79EFBC}") = "Enchiridion.Models", "Enchiridion.Models\Enchiridion.Models.csproj", "{AAA17B62-6452-436A-8881-C784F5DC0EBE}"
EndProject
Project("{FAE04EC0-301F-11D3-BF4B-00C04F79EFBC}") = "Enchiridion.Data", "Enchiridion.Data\Enchiridion.Data.csproj", "{63C0B004-384F-4692-982A-904DBC8A8F29}"
EndProject
Project("{2150E333-8FDC-42A3-9474-1A3956D46DE8}") = "Solution Items", "Solution Items", "{DFBC6A36-7E27-4FF3-BAF2-E449D534DC13}"
	ProjectSection(SolutionItems) = preProject
		docker-compose.yaml = docker-compose.yaml
	EndProjectSection
EndProject
Global
	GlobalSection(SolutionConfigurationPlatforms) = preSolution
		Debug|Any CPU = Debug|Any CPU
		Release|Any CPU = Release|Any CPU
	EndGlobalSection
	GlobalSection(ProjectConfigurationPlatforms) = postSolution
		{E0508EC6-D90A-4D9F-AB9B-CF3295C5CF18}.Debug|Any CPU.ActiveCfg = Debug|Any CPU
		{E0508EC6-D90A-4D9F-AB9B-CF3295C5CF18}.Debug|Any CPU.Build.0 = Debug|Any CPU
		{E0508EC6-D90A-4D9F-AB9B-CF3295C5CF18}.Release|Any CPU.ActiveCfg = Release|Any CPU
		{E0508EC6-D90A-4D9F-AB9B-CF3295C5CF18}.Release|Any CPU.Build.0 = Release|Any CPU
		{AAA17B62-6452-436A-8881-C784F5DC0EBE}.Debug|Any CPU.ActiveCfg = Debug|Any CPU
		{AAA17B62-6452-436A-8881-C784F5DC0EBE}.Debug|Any CPU.Build.0 = Debug|Any CPU
		{AAA17B62-6452-436A-8881-C784F5DC0EBE}.Release|Any CPU.ActiveCfg = Release|Any CPU
		{AAA17B62-6452-436A-8881-C784F5DC0EBE}.Release|Any CPU.Build.0 = Release|Any CPU
		{63C0B004-384F-4692-982A-904DBC8A8F29}.Debug|Any CPU.ActiveCfg = Debug|Any CPU
		{63C0B004-384F-4692-982A-904DBC8A8F29}.Debug|Any CPU.Build.0 = Debug|Any CPU
		{63C0B004-384F-4692-982A-904DBC8A8F29}.Release|Any CPU.ActiveCfg = Release|Any CPU
		{63C0B004-384F-4692-982A-904DBC8A8F29}.Release|Any CPU.Build.0 = Release|Any CPU
	EndGlobalSection
EndGlobal
